// !$*UTF8*$!
{
	archiveVersion = 1;
	classes = {
	};
	objectVersion = 50;
	objects = {

/* Begin PBXBuildFile section */
		B212300D20BA3DD500091A8E /* AppDelegate.m in Sources */ = {isa = PBXBuildFile; fileRef = B212300C20BA3DD500091A8E /* AppDelegate.m */; };
		B212301320BA3DD500091A8E /* Main.storyboard in Resources */ = {isa = PBXBuildFile; fileRef = B212301120BA3DD500091A8E /* Main.storyboard */; };
		B212301520BA3DD600091A8E /* Assets.xcassets in Resources */ = {isa = PBXBuildFile; fileRef = B212301420BA3DD600091A8E /* Assets.xcassets */; };
		B212301820BA3DD600091A8E /* LaunchScreen.storyboard in Resources */ = {isa = PBXBuildFile; fileRef = B212301620BA3DD600091A8E /* LaunchScreen.storyboard */; };
		B212301B20BA3DD600091A8E /* main.m in Sources */ = {isa = PBXBuildFile; fileRef = B212301A20BA3DD600091A8E /* main.m */; };
		B212302320BA3E1300091A8E /* YKMainViewController.m in Sources */ = {isa = PBXBuildFile; fileRef = B212302220BA3E1300091A8E /* YKMainViewController.m */; };
		B212302920BA4D9A00091A8E /* YKPushButton.m in Sources */ = {isa = PBXBuildFile; fileRef = B212302820BA4D9A00091A8E /* YKPushButton.m */; };
		B212302C20BA5D1000091A8E /* YKCountView.m in Sources */ = {isa = PBXBuildFile; fileRef = B212302B20BA5D1000091A8E /* YKCountView.m */; };
		B212302F20BA874500091A8E /* YKGraphView.m in Sources */ = {isa = PBXBuildFile; fileRef = B212302E20BA874500091A8E /* YKGraphView.m */; };
		B226495920C57444007E406D /* YKMedalDrawing.m in Sources */ = {isa = PBXBuildFile; fileRef = B226495820C57444007E406D /* YKMedalDrawing.m */; };
		B26D38B220C2940C0086EE2B /* YKBackgroundView.m in Sources */ = {isa = PBXBuildFile; fileRef = B26D38B120C2940C0086EE2B /* YKBackgroundView.m */; };
/* End PBXBuildFile section */

/* Begin PBXFileReference section */
		B212300820BA3DD500091A8E /* YKDrinkRecorder.app */ = {isa = PBXFileReference; explicitFileType = wrapper.application; includeInIndex = 0; path = YKDrinkRecorder.app; sourceTree = BUILT_PRODUCTS_DIR; };
		B212300B20BA3DD500091A8E /* AppDelegate.h */ = {isa = PBXFileReference; lastKnownFileType = sourcecode.c.h; path = AppDelegate.h; sourceTree = "<group>"; };
		B212300C20BA3DD500091A8E /* AppDelegate.m */ = {isa = PBXFileReference; lastKnownFileType = sourcecode.c.objc; path = AppDelegate.m; sourceTree = "<group>"; };
		B212301220BA3DD500091A8E /* Base */ = {isa = PBXFileReference; lastKnownFileType = file.storyboard; name = Base; path = Base.lproj/Main.storyboard; sourceTree = "<group>"; };
		B212301420BA3DD600091A8E /* Assets.xcassets */ = {isa = PBXFileReference; lastKnownFileType = folder.assetcatalog; path = Assets.xcassets; sourceTree = "<group>"; };
		B212301720BA3DD600091A8E /* Base */ = {isa = PBXFileReference; lastKnownFileType = file.storyboard; name = Base; path = Base.lproj/LaunchScreen.storyboard; sourceTree = "<group>"; };
		B212301920BA3DD600091A8E /* Info.plist */ = {isa = PBXFileReference; lastKnownFileType = text.plist.xml; path = Info.plist; sourceTree = "<group>"; };
		B212301A20BA3DD600091A8E /* main.m */ = {isa = PBXFileReference; lastKnownFileType = sourcecode.c.objc; path = main.m; sourceTree = "<group>"; };
		B212302120BA3E1300091A8E /* YKMainViewController.h */ = {isa = PBXFileReference; lastKnownFileType = sourcecode.c.h; path = YKMainViewController.h; sourceTree = "<group>"; };
		B212302220BA3E1300091A8E /* YKMainViewController.m */ = {isa = PBXFileReference; lastKnownFileType = sourcecode.c.objc; path = YKMainViewController.m; sourceTree = "<group>"; };
		B212302720BA4D9A00091A8E /* YKPushButton.h */ = {isa = PBXFileReference; lastKnownFileType = sourcecode.c.h; path = YKPushButton.h; sourceTree = "<group>"; };
		B212302820BA4D9A00091A8E /* YKPushButton.m */ = {isa = PBXFileReference; lastKnownFileType = sourcecode.c.objc; path = YKPushButton.m; sourceTree = "<group>"; };
		B212302A20BA5D1000091A8E /* YKCountView.h */ = {isa = PBXFileReference; lastKnownFileType = sourcecode.c.h; path = YKCountView.h; sourceTree = "<group>"; };
		B212302B20BA5D1000091A8E /* YKCountView.m */ = {isa = PBXFileReference; lastKnownFileType = sourcecode.c.objc; path = YKCountView.m; sourceTree = "<group>"; };
		B212302D20BA874500091A8E /* YKGraphView.h */ = {isa = PBXFileReference; lastKnownFileType = sourcecode.c.h; path = YKGraphView.h; sourceTree = "<group>"; };
		B212302E20BA874500091A8E /* YKGraphView.m */ = {isa = PBXFileReference; lastKnownFileType = sourcecode.c.objc; path = YKGraphView.m; sourceTree = "<group>"; };
		B226495720C57444007E406D /* YKMedalDrawing.h */ = {isa = PBXFileReference; lastKnownFileType = sourcecode.c.h; path = YKMedalDrawing.h; sourceTree = "<group>"; };
		B226495820C57444007E406D /* YKMedalDrawing.m */ = {isa = PBXFileReference; lastKnownFileType = sourcecode.c.objc; path = YKMedalDrawing.m; sourceTree = "<group>"; };
		B26D38B020C2940C0086EE2B /* YKBackgroundView.h */ = {isa = PBXFileReference; lastKnownFileType = sourcecode.c.h; path = YKBackgroundView.h; sourceTree = "<group>"; };
		B26D38B120C2940C0086EE2B /* YKBackgroundView.m */ = {isa = PBXFileReference; lastKnownFileType = sourcecode.c.objc; path = YKBackgroundView.m; sourceTree = "<group>"; };
/* End PBXFileReference section */

/* Begin PBXFrameworksBuildPhase section */
		B212300520BA3DD500091A8E /* Frameworks */ = {
			isa = PBXFrameworksBuildPhase;
			buildActionMask = 2147483647;
			files = (
			);
			runOnlyForDeploymentPostprocessing = 0;
		};
/* End PBXFrameworksBuildPhase section */

/* Begin PBXGroup section */
		B2122FFF20BA3DD500091A8E = {
			isa = PBXGroup;
			children = (
				B212300A20BA3DD500091A8E /* YKDrinkRecorder */,
				B212300920BA3DD500091A8E /* Products */,
			);
			sourceTree = "<group>";
		};
		B212300920BA3DD500091A8E /* Products */ = {
			isa = PBXGroup;
			children = (
				B212300820BA3DD500091A8E /* YKDrinkRecorder.app */,
			);
			name = Products;
			sourceTree = "<group>";
		};
		B212300A20BA3DD500091A8E /* YKDrinkRecorder */ = {
			isa = PBXGroup;
			children = (
				B26D38B020C2940C0086EE2B /* YKBackgroundView.h */,
				B26D38B120C2940C0086EE2B /* YKBackgroundView.m */,
				B226495720C57444007E406D /* YKMedalDrawing.h */,
				B226495820C57444007E406D /* YKMedalDrawing.m */,
				B212302720BA4D9A00091A8E /* YKPushButton.h */,
				B212302820BA4D9A00091A8E /* YKPushButton.m */,
				B212302A20BA5D1000091A8E /* YKCountView.h */,
				B212302B20BA5D1000091A8E /* YKCountView.m */,
				B212302D20BA874500091A8E /* YKGraphView.h */,
				B212302E20BA874500091A8E /* YKGraphView.m */,
				B212302120BA3E1300091A8E /* YKMainViewController.h */,
				B212302220BA3E1300091A8E /* YKMainViewController.m */,
				B212301120BA3DD500091A8E /* Main.storyboard */,
				B212301420BA3DD600091A8E /* Assets.xcassets */,
				B212301620BA3DD600091A8E /* LaunchScreen.storyboard */,
				B212300B20BA3DD500091A8E /* AppDelegate.h */,
				B212300C20BA3DD500091A8E /* AppDelegate.m */,
				B212301920BA3DD600091A8E /* Info.plist */,
				B212301A20BA3DD600091A8E /* main.m */,
			);
			path = YKDrinkRecorder;
			sourceTree = "<group>";
		};
/* End PBXGroup section */

/* Begin PBXNativeTarget section */
		B212300720BA3DD500091A8E /* YKDrinkRecorder */ = {
			isa = PBXNativeTarget;
			buildConfigurationList = B212301E20BA3DD600091A8E /* Build configuration list for PBXNativeTarget "YKDrinkRecorder" */;
			buildPhases = (
				B212300420BA3DD500091A8E /* Sources */,
				B212300520BA3DD500091A8E /* Frameworks */,
				B212300620BA3DD500091A8E /* Resources */,
			);
			buildRules = (
			);
			dependencies = (
			);
			name = YKDrinkRecorder;
			productName = YKDrinkRecorder;
			productReference = B212300820BA3DD500091A8E /* YKDrinkRecorder.app */;
			productType = "com.apple.product-type.application";
		};
/* End PBXNativeTarget section */

/* Begin PBXProject section */
		B212300020BA3DD500091A8E /* Project object */ = {
			isa = PBXProject;
			attributes = {
				CLASSPREFIX = YK;
				LastUpgradeCheck = 0930;
				ORGANIZATIONNAME = yankang;
				TargetAttributes = {
					B212300720BA3DD500091A8E = {
						CreatedOnToolsVersion = 9.3.1;
					};
				};
			};
			buildConfigurationList = B212300320BA3DD500091A8E /* Build configuration list for PBXProject "YKDrinkRecorder" */;
			compatibilityVersion = "Xcode 9.3";
			developmentRegion = en;
			hasScannedForEncodings = 0;
			knownRegions = (
				en,
				Base,
			);
			mainGroup = B2122FFF20BA3DD500091A8E;
			productRefGroup = B212300920BA3DD500091A8E /* Products */;
			projectDirPath = "";
			projectRoot = "";
			targets = (
				B212300720BA3DD500091A8E /* YKDrinkRecorder */,
			);
		};
/* End PBXProject section */

/* Begin PBXResourcesBuildPhase section */
		B212300620BA3DD500091A8E /* Resources */ = {
			isa = PBXResourcesBuildPhase;
			buildActionMask = 2147483647;
			files = (
				B212301820BA3DD600091A8E /* LaunchScreen.storyboard in Resources */,
				B212301520BA3DD600091A8E /* Assets.xcassets in Resources */,
				B212301320BA3DD500091A8E /* Main.storyboard in Resources */,
			);
			runOnlyForDeploymentPostprocessing = 0;
		};
/* End PBXResourcesBuildPhase section */

/* Begin PBXSourcesBuildPhase section */
		B212300420BA3DD500091A8E /* Sources */ = {
			isa = PBXSourcesBuildPhase;
			buildActionMask = 2147483647;
			files = (
				B212301B20BA3DD600091A8E /* main.m in Sources */,
				B212302920BA4D9A00091A8E /* YKPushButton.m in Sources */,
				B212302320BA3E1300091A8E /* YKMainViewController.m in Sources */,
				B212302F20BA874500091A8E /* YKGraphView.m in Sources */,
				B26D38B220C2940C0086EE2B /* YKBackgroundView.m in Sources */,
				B212302C20BA5D1000091A8E /* YKCountView.m in Sources */,
				B226495920C57444007E406D /* YKMedalDrawing.m in Sources */,
				B212300D20BA3DD500091A8E /* AppDelegate.m in Sources */,
			);
			runOnlyForDeploymentPostprocessing = 0;
		};
/* End PBXSourcesBuildPhase section */

/* Begin PBXVariantGroup section */
		B212301120BA3DD500091A8E /* Main.storyboard */ = {
			isa = PBXVariantGroup;
			children = (
				B212301220BA3DD500091A8E /* Base */,
			);
			name = Main.storyboard;
			sourceTree = "<group>";
		};
		B212301620BA3DD600091A8E /* LaunchScreen.storyboard */ = {
			isa = PBXVariantGroup;
			children = (
				B212301720BA3DD600091A8E /* Base */,
			);
			name = LaunchScreen.storyboard;
			sourceTree = "<group>";
		};
/* End PBXVariantGroup section */

/* Begin XCBuildConfiguration section */
		B212301C20BA3DD600091A8E /* Debug */ = {
			isa = XCBuildConfiguration;
			buildSettings = {
				ALWAYS_SEARCH_USER_PATHS = NO;
				CLANG_ANALYZER_NONNULL = YES;
				CLANG_ANALYZER_NUMBER_OBJECT_CONVERSION = YES_AGGRESSIVE;
				CLANG_CXX_LANGUAGE_STANDARD = "gnu++14";
				CLANG_CXX_LIBRARY = "libc++";
				CLANG_ENABLE_MODULES = YES;
				CLANG_ENABLE_OBJC_ARC = YES;
				CLANG_ENABLE_OBJC_WEAK = YES;
				CLANG_WARN_BLOCK_CAPTURE_AUTORELEASING = YES;
				CLANG_WARN_BOOL_CONVERSION = YES;
				CLANG_WARN_COMMA = YES;
				CLANG_WARN_CONSTANT_CONVERSION = YES;
				CLANG_WARN_DEPRECATED_OBJC_IMPLEMENTATIONS = YES;
				CLANG_WARN_DIRECT_OBJC_ISA_USAGE = YES_ERROR;
				CLANG_WARN_DOCUMENTATION_COMMENTS = YES;
				CLANG_WARN_EMPTY_BODY = YES;
				CLANG_WARN_ENUM_CONVERSION = YES;
				CLANG_WARN_INFINITE_RECURSION = YES;
				CLANG_WARN_INT_CONVERSION = YES;
				CLANG_WARN_NON_LITERAL_NULL_CONVERSION = YES;
				CLANG_WARN_OBJC_IMPLICIT_RETAIN_SELF = YES;
				CLANG_WARN_OBJC_LITERAL_CONVERSION = YES;
				CLANG_WARN_OBJC_ROOT_CLASS = YES_ERROR;
				CLANG_WARN_RANGE_LOOP_ANALYSIS = YES;
				CLANG_WARN_STRICT_PROTOTYPES = YES;
				CLANG_WARN_SUSPICIOUS_MOVE = YES;
				CLANG_WARN_UNGUARDED_AVAILABILITY = YES_AGGRESSIVE;
				CLANG_WARN_UNREACHABLE_CODE = YES;
				CLANG_WARN__DUPLICATE_METHOD_MATCH = YES;
				CODE_SIGN_IDENTITY = "iPhone Developer";
				COPY_PHASE_STRIP = NO;
				DEBUG_INFORMATION_FORMAT = dwarf;
				ENABLE_STRICT_OBJC_MSGSEND = YES;
				ENABLE_TESTABILITY = YES;
				GCC_C_LANGUAGE_STANDARD = gnu11;
				GCC_DYNAMIC_NO_PIC = NO;
				GCC_NO_COMMON_BLOCKS = YES;
				GCC_OPTIMIZATION_LEVEL = 0;
				GCC_PREPROCESSOR_DEFINITIONS = (
					"DEBUG=1",
					"$(inherited)",
				);
				GCC_WARN_64_TO_32_BIT_CONVERSION = YES;
				GCC_WARN_ABOUT_RETURN_TYPE = YES_ERROR;
				GCC_WARN_UNDECLARED_SELECTOR = YES;
				GCC_WARN_UNINITIALIZED_AUTOS = YES_AGGRESSIVE;
				GCC_WARN_UNUSED_FUNCTION = YES;
				GCC_WARN_UNUSED_VARIABLE = YES;
				IPHONEOS_DEPLOYMENT_TARGET = 11.3;
				MTL_ENABLE_DEBUG_INFO = YES;
				ONLY_ACTIVE_ARCH = YES;
				SDKROOT = iphoneos;
			};
			name = Debug;
		};
		B212301D20BA3DD600091A8E /* Release */ = {
			isa = XCBuildConfiguration;
			buildSettings = {
				ALWAYS_SEARCH_USER_PATHS = NO;
				CLANG_ANALYZER_NONNULL = YES;
				CLANG_ANALYZER_NUMBER_OBJECT_CONVERSION = YES_AGGRESSIVE;
				CLANG_CXX_LANGUAGE_STANDARD = "gnu++14";
				CLANG_CXX_LIBRARY = "libc++";
				CLANG_ENABLE_MODULES = YES;
				CLANG_ENABLE_OBJC_ARC = YES;
				CLANG_ENABLE_OBJC_WEAK = YES;
				CLANG_WARN_BLOCK_CAPTURE_AUTORELEASING = YES;
				CLANG_WARN_BOOL_CONVERSION = YES;
				CLANG_WARN_COMMA = YES;
				CLANG_WARN_CONSTANT_CONVERSION = YES;
				CLANG_WARN_DEPRECATED_OBJC_IMPLEMENTATIONS = YES;
				CLANG_WARN_DIRECT_OBJC_ISA_USAGE = YES_ERROR;
				CLANG_WARN_DOCUMENTATION_COMMENTS = YES;
				CLANG_WARN_EMPTY_BODY = YES;
				CLANG_WARN_ENUM_CONVERSION = YES;
				CLANG_WARN_INFINITE_RECURSION = YES;
				CLANG_WARN_INT_CONVERSION = YES;
				CLANG_WARN_NON_LITERAL_NULL_CONVERSION = YES;
				CLANG_WARN_OBJC_IMPLICIT_RETAIN_SELF = YES;
				CLANG_WARN_OBJC_LITERAL_CONVERSION = YES;
				CLANG_WARN_OBJC_ROOT_CLASS = YES_ERROR;
				CLANG_WARN_RANGE_LOOP_ANALYSIS = YES;
				CLANG_WARN_STRICT_PROTOTYPES = YES;
				CLANG_WARN_SUSPICIOUS_MOVE = YES;
				CLANG_WARN_UNGUARDED_AVAILABILITY = YES_AGGRESSIVE;
				CLANG_WARN_UNREACHABLE_CODE = YES;
				CLANG_WARN__DUPLICATE_METHOD_MATCH = YES;
				CODE_SIGN_IDENTITY = "iPhone Developer";
				COPY_PHASE_STRIP = NO;
				DEBUG_INFORMATION_FORMAT = "dwarf-with-dsym";
				ENABLE_NS_ASSERTIONS = NO;
				ENABLE_STRICT_OBJC_MSGSEND = YES;
				GCC_C_LANGUAGE_STANDARD = gnu11;
				GCC_NO_COMMON_BLOCKS = YES;
				GCC_WARN_64_TO_32_BIT_CONVERSION = YES;
				GCC_WARN_ABOUT_RETURN_TYPE = YES_ERROR;
				GCC_WARN_UNDECLARED_SELECTOR = YES;
				GCC_WARN_UNINITIALIZED_AUTOS = YES_AGGRESSIVE;
				GCC_WARN_UNUSED_FUNCTION = YES;
				GCC_WARN_UNUSED_VARIABLE = YES;
				IPHONEOS_DEPLOYMENT_TARGET = 11.3;
				MTL_ENABLE_DEBUG_INFO = NO;
				SDKROOT = iphoneos;
				VALIDATE_PRODUCT = YES;
			};
			name = Release;
		};
		B212301F20BA3DD600091A8E /* Debug */ = {
			isa = XCBuildConfiguration;
			buildSettings = {
				ASSETCATALOG_COMPILER_APPICON_NAME = AppIcon;
				CODE_SIGN_STYLE = Automatic;
				DEVELOPMENT_TEAM = LRJBN79GXB;
				INFOPLIST_FILE = YKDrinkRecorder/Info.plist;
				LD_RUNPATH_SEARCH_PATHS = (
					"$(inherited)",
					"@executable_path/Frameworks",
				);
				PRODUCT_BUNDLE_IDENTIFIER = net.bxmedia.www.YKDrinkRecorder;
				PRODUCT_NAME = "$(TARGET_NAME)";
				TARGETED_DEVICE_FAMILY = "1,2";
			};
			name = Debug;
		};
		B212302020BA3DD600091A8E /* Release */ = {
			isa = XCBuildConfiguration;
			buildSettings = {
				ASSETCATALOG_COMPILER_APPICON_NAME = AppIcon;
				CODE_SIGN_STYLE = Automatic;
				DEVELOPMENT_TEAM = LRJBN79GXB;
				INFOPLIST_FILE = YKDrinkRecorder/Info.plist;
				LD_RUNPATH_SEARCH_PATHS = (
					"$(inherited)",
					"@executable_path/Frameworks",
				);
				PRODUCT_BUNDLE_IDENTIFIER = net.bxmedia.www.YKDrinkRecorder;
				PRODUCT_NAME = "$(TARGET_NAME)";
				TARGETED_DEVICE_FAMILY = "1,2";
			};
			name = Release;
		};
/* End XCBuildConfiguration section */

/* Begin XCConfigurationList section */
		B212300320BA3DD500091A8E /* Build configuration list for PBXProject "YKDrinkRecorder" */ = {
			isa = XCConfigurationList;
			buildConfigurations = (
				B212301C20BA3DD600091A8E /* Debug */,
				B212301D20BA3DD600091A8E /* Release */,
			);
			defaultConfigurationIsVisible = 0;
			defaultConfigurationName = Release;
		};
		B212301E20BA3DD600091A8E /* Build configuration list for PBXNativeTarget "YKDrinkRecorder" */ = {
			isa = XCConfigurationList;
			buildConfigurations = (
				B212301F20BA3DD600091A8E /* Debug */,
				B212302020BA3DD600091A8E /* Release */,
			);
			defaultConfigurationIsVisible = 0;
			defaultConfigurationName = Release;
		};
/* End XCConfigurationList section */
	};
	rootObject = B212300020BA3DD500091A8E /* Project object */;
}
